
Microsoft Visual Studio Solution File, Format Version 12.00
# Visual Studio Version 17
VisualStudioVersion = 17.4.33213.308
MinimumVisualStudioVersion = 10.0.40219.1
Project("{FAE04EC0-301F-11D3-BF4B-00C04F79EFBC}") = "hw_20.05", "hw_20.05.csproj", "{A41AD676-EF09-464B-9623-21AD66315161}"
EndProject
Global
	GlobalSection(SolutionConfigurationPlatforms) = preSolution
		Debug|Any CPU = Debug|Any CPU
		Release|Any CPU = Release|Any CPU
	EndGlobalSection
	GlobalSection(ProjectConfigurationPlatforms) = postSolution
		{A41AD676-EF09-464B-9623-21AD66315161}.Debug|Any CPU.ActiveCfg = Debug|Any CPU
		{A41AD676-EF09-464B-9623-21AD66315161}.Debug|Any CPU.Build.0 = Debug|Any CPU
		{A41AD676-EF09-464B-9623-21AD66315161}.Release|Any CPU.ActiveCfg = Release|Any CPU
		{A41AD676-EF09-464B-9623-21AD66315161}.Release|Any CPU.Build.0 = Release|Any CPU
	EndGlobalSection
	GlobalSection(SolutionProperties) = preSolution
		HideSolutionNode = FALSE
	EndGlobalSection
	GlobalSection(ExtensibilityGlobals) = postSolution
		SolutionGuid = {42AAF776-AC77-4196-A0CB-7EC5E1141713}
	EndGlobalSection
EndGlobal
